github.com/caio/go-tdigest v2.3.0+incompatible h1:zP6nR0nTSUzlSqqr7F/LhslPlSZX/fZeGmgmwj2cxxY=
github.com/caio/go-tdigest v2.3.0+incompatible/go.mod h1:sHQM/ubZStBUmF1WbB8FAm8q9GjDajLC5T7ydxE3JHI=
github.com/codahale/hdrhistogram v0.0.0-20161010025455-3a0bb77429bd h1:qMd81Ts1T2OTKmB4acZcyKaMtRnY5Y44NuXGX2GFJ1w=
github.com/codahale/hdrhistogram v0.0.0-20161010025455-3a0bb77429bd/go.mod h1:sE/e/2PUdi/liOCUjSTXgM1o87ZssimdTWN964YiIeI=
github.com/davecgh/go-spew v1.1.0 h1:ZDRjVQ15GmhC3fiQ8ni8+OwkZQO4DARzQgrnXU1Liz8=
github.com/davecgh/go-spew v1.1.0/go.mod h1:J7Y8YcW2NihsgmVo/mv3lAwl/skON4iLHjSsI+c5H38=
github.com/go-chi/chi v4.0.1+incompatible h1:RSRC5qmFPtO90t7pTL0DBMNpZFsb/sHF3RXVlDgFisA=
github.com/go-chi/chi v4.0.1+incompatible/go.mod h1:eB3wogJHnLi3x/kFX2A+IbTBlXxmMeXJVKy9tTv1XzQ=
github.com/gogo/protobuf v1.2.0 h1:xU6/SpYbvkNYiptHJYEDRseDLvYE7wSqhYYNy0QSUzI=
github.com/gogo/protobuf v1.2.0/go.mod h1:r8qH/GZQm5c6nD/R0oafs1akxWv10x8SbQlK7atdtwQ=
github.com/golang/protobuf v1.2.0 h1:P3YflyNX/ehuJFLhxviNdFxQPkGK5cDcApsge1SqnvM=
github.com/golang/protobuf v1.2.0/go.mod h1:6lQm79b+lXiMfvg/cZm0SGofjICqVBUtrP5yJMmIC1U=
github.com/opentracing/opentracing-go v1.0.2 h1:3jA2P6O1F9UOrWVpwrIo17pu01KWvNWg4X946/Y5Zwg=
github.com/opentracing/opentracing-go v1.0.2/go.mod h1:UkNAQd3GIcIGf0SeVgPpRdFStlNbqXla1AfSYxPUl2o=
github.com/pkg/errors v0.8.1 h1:iURUrRGxPUNPdy5/HRSm+Yj6okJ6UtLINN0Q9M4+h3I=
github.com/pkg/errors v0.8.1/go.mod h1:bwawxfHBFNV+L2hUp1rHADufV3IMtnDRdf1r5NINEl0=
github.com/pmezard/go-difflib v1.0.0 h1:4DBwDE0NGyQoBHbLQYPwSUPoCMWR5BEzIk/f1lZbAQM=
github.com/pmezard/go-difflib v1.0.0/go.mod h1:iKH77koFhYxTK1pcRnkKkqfTogsbg7gZNVY4sRDYZ/4=
github.com/rcrowley/go-metrics v0.0.0-20181016184325-3113b8401b8a h1:9ZKAASQSHhDYGoxY8uLVpewe1GDZ2vu2Tr/vTdVAkFQ=
github.com/rcrowley/go-metrics v0.0.0-20181016184325-3113b8401b8a/go.mod h1:bCqnVzQkZxMG4s8nGwiZ5l3QUCyqpo9Y+/ZMZ9VjZe4=
github.com/stretchr/objx v0.1.0/go.mod h1:HFkY916IF+rwdDfMAkV7OtwuqBVzrE8GR6GFx+wExME=
github.com/stretchr/testify v1.3.0 h1:TivCn/peBQ7UY8ooIcPgZFpTNSz0Q2U6UrFlUfqbe0Q=
github.com/stretchr/testify v1.3.0/go.mod h1:M5WIy9Dh21IEIfnGCwXGc5bZfKNJtfHm1UVUgZn+9EI=
github.com/tuvistavie/securerandom v0.0.0-20140719024926-15512123a948 h1:yL0l/u242MzDP6D0B5vGC+wxm5WRY+alQZy+dJk3bFI=
github.com/tuvistavie/securerandom v0.0.0-20140719024926-15512123a948/go.mod h1:a06d/M1pxWi51qiSrfGMHaEydtuXT06nha8N2aNQuXk=
github.com/uber/jaeger-client-go v2.15.0+incompatible h1:NP3qsSqNxh8VYr956ur1N/1C1PjvOJnJykCzcD5QHbk=
github.com/uber/jaeger-client-go v2.15.0+incompatible/go.mod h1:WVhlPFC8FDjOFMMWRy2pZqQJSXxYSwNYOkTr/Z6d3Kk=
github.com/uber/jaeger-lib v1.5.0 h1:OHbgr8l656Ub3Fw5k9SWnBfIEwvoHQ+W2y+Aa9D1Uyo=
github.com/uber/jaeger-lib v1.5.0/go.mod h1:ComeNDZlWwrWnDv8aPp0Ba6+uUTzImX/AauajbLI56U=
github.com/wavefronthq/go-metrics-wavefront v0.9.0 h1:CoHS23gt3FZsjSerhqmNxpfMIFQaNM+WPxU/jB/KmRQ=
github.com/wavefronthq/go-metrics-wavefront v0.9.1-0.20190204180122-5218246a44b3 h1:+gjxN1/eEXovi9MIO1sIf/+AfHnQ//zbtqfvJa822DI=
github.com/wavefronthq/go-metrics-wavefront v0.9.1-0.20190204180122-5218246a44b3/go.mod h1:aU/q29aSlzqqUkNHiK0Ddi6Rmtfw1lcLrxKb2VGLiMA=
github.com/wavefronthq/wavefront-opentracing-sdk-go v0.0.0-20190208195109-025f812c7984 h1:ZSjw/VWEl1xw/+FR7BjtQqQOPXgO+jXo5kWIT7e1koQ=
github.com/wavefronthq/wavefront-opentracing-sdk-go v0.0.0-20190208195109-025f812c7984/go.mod h1:TIsu7YlDK8m0wj4hj3u2hfoJd9Tk7P1ZYpgQ2Meaqus=
github.com/wavefronthq/wavefront-opentracing-sdk-go v0.0.0-20190208232503-98cdad29cfc5 h1:1QhOx5V4wMgAHTTuRUoehZWd4NzbPItnO2eorxg5KZw=
github.com/wavefronthq/wavefront-opentracing-sdk-go v0.0.0-20190208232503-98cdad29cfc5/go.mod h1:TIsu7YlDK8m0wj4hj3u2hfoJd9Tk7P1ZYpgQ2Meaqus=
github.com/wavefronthq/wavefront-opentracing-sdk-go v0.0.0-20190209171556-17a015b8302e h1:K4IfaWyXD+Tp7vOVA2z9TFraQ5fZVfdXariopRDY9/A=
github.com/wavefronthq/wavefront-opentracing-sdk-go v0.0.0-20190209171556-17a015b8302e/go.mod h1:TIsu7YlDK8m0wj4hj3u2hfoJd9Tk7P1ZYpgQ2Meaqus=
github.com/wavefronthq/wavefront-sdk-go v0.9.1 h1:T36pstacWRRhMgKRRJDzRxLoBUjih3JTtNqyeOBTo4w=
github.com/wavefronthq/wavefront-sdk-go v0.9.2-0.20190205183015-5e0e1d7d46ed h1:6YPLmBBivElXd58EA1nZjZ/vPFjP7HRKd3JI7rBZqBA=
github.com/wavefronthq/wavefront-sdk-go v0.9.2-0.20190205183015-5e0e1d7d46ed/go.mod h1:hQI6y8M9OtTCtc0xdwh+dCER4osxXdEAeCpacjpDZEU=
github.com/wavefronthq/wavefront-sdk-go v0.9.2-0.20190208230902-a656e9e78494 h1:aEml+Ot1G/+vuAhXaynce8IFB4ThsQ0MbW+g80dNH7Y=
github.com/wavefronthq/wavefront-sdk-go v0.9.2-0.20190208230902-a656e9e78494/go.mod h1:hQI6y8M9OtTCtc0xdwh+dCER4osxXdEAeCpacjpDZEU=
golang.org/x/net v0.0.0-20190125091013-d26f9f9a57f3 h1:ulvT7fqt0yHWzpJwI57MezWnYDVpCAYBVuYst/L+fAY=
golang.org/x/net v0.0.0-20190125091013-d26f9f9a57f3/go.mod h1:mL1N/T3taQHkDXs73rZJwtUhF3w3ftmwwsq0BUmARs4=
